<?xml version="1.0" encoding="utf-8"?>
<Project ToolsVersion="4.0" xmlns="http://schemas.microsoft.com/developer/msbuild/2003">
  <ItemGroup>
    <Filter Include="리소스 파일">
      <UniqueIdentifier>{67DA6AB6-F800-4c08-8B7A-83BB121AAD01}</UniqueIdentifier>
      <Extensions>rc;ico;cur;bmp;dlg;rc2;rct;bin;rgs;gif;jpg;jpeg;jpe;resx;tiff;tif;png;wav;mfcribbon-ms</Extensions>
    </Filter>
    <Filter Include="Source">
      <UniqueIdentifier>{4FC737F1-C7A5-4376-A066-2A32D752A2FF}</UniqueIdentifier>
      <Extensions>cpp;c;cc;cxx;c++;cppm;ixx;def;odl;idl;hpj;bat;asm;asmx</Extensions>
    </Filter>
    <Filter Include="Header">
      <UniqueIdentifier>{041f98b1-c130-4878-a7b4-e317d5c290e9}</UniqueIdentifier>
    </Filter>
    <Filter Include="Header\CppExamples">
      <UniqueIdentifier>{f427b44a-fc73-4068-876f-c67e3ba69efa}</UniqueIdentifier>
    </Filter>
    <Filter Include="Source\CppExamples">
      <UniqueIdentifier>{f70022e3-bb64-4436-b742-dec8dbd6cc39}</UniqueIdentifier>
    </Filter>
    <Filter Include="Header\Helpers">
      <UniqueIdentifier>{de5b7865-a9d9-42c0-8ec9-8e44cb8ecd14}</UniqueIdentifier>
    </Filter>
  </ItemGroup>
  <ItemGroup>
    <ClCompile Include="CppExamples.cpp">
      <Filter>Source</Filter>
    </ClCompile>
    <ClCompile Include="OverloadingOperators.cpp">
      <Filter>Source\CppExamples</Filter>
    </ClCompile>
    <ClCompile Include="ClassMemorySize.cpp">
      <Filter>Source\CppExamples</Filter>
    </ClCompile>
    <ClCompile Include="CopyElision.cpp">
      <Filter>Source\CppExamples</Filter>
    </ClCompile>
    <ClCompile Include="FunctionRVO.cpp">
      <Filter>Source\CppExamples</Filter>
    </ClCompile>
    <ClCompile Include="MembersInit.cpp">
      <Filter>Source\CppExamples</Filter>
    </ClCompile>
    <ClCompile Include="ForLoop.cpp">
      <Filter>Source\CppExamples</Filter>
    </ClCompile>
    <ClCompile Include="SmartPointers.cpp">
      <Filter>Source\CppExamples</Filter>
    </ClCompile>
    <ClCompile Include="LinearInheritance.cpp">
      <Filter>Source\CppExamples</Filter>
    </ClCompile>
    <ClCompile Include="MultipleInheritance.cpp">
      <Filter>Source\CppExamples</Filter>
    </ClCompile>
    <ClCompile Include="Diamondinheritance.cpp">
      <Filter>Source\CppExamples</Filter>
    </ClCompile>
    <ClCompile Include="ObjectSlicing.cpp">
      <Filter>Source\CppExamples</Filter>
    </ClCompile>
    <ClCompile Include="DynamicCasting.cpp">
      <Filter>Source\CppExamples</Filter>
    </ClCompile>
    <ClCompile Include="VectorsArrays.cpp">
      <Filter>Source\CppExamples</Filter>
    </ClCompile>
    <ClCompile Include="FunctionObject.cpp">
      <Filter>Source\CppExamples</Filter>
    </ClCompile>
    <ClCompile Include="StandardAlgorithms.cpp">
      <Filter>Source\CppExamples</Filter>
    </ClCompile>
    <ClCompile Include="SortingAlgorithms.cpp">
      <Filter>Source\CppExamples</Filter>
    </ClCompile>
  </ItemGroup>
  <ItemGroup>
    <ClInclude Include="ClassMemorySize.h">
      <Filter>Header\CppExamples</Filter>
    </ClInclude>
    <ClInclude Include="CopyElision.h">
      <Filter>Header\CppExamples</Filter>
    </ClInclude>
    <ClInclude Include="FunctionRVO.h">
      <Filter>Header\CppExamples</Filter>
    </ClInclude>
    <ClInclude Include="MembersInit.h">
      <Filter>Header\CppExamples</Filter>
    </ClInclude>
    <ClInclude Include="OverloadingOperators.h">
      <Filter>Header\CppExamples</Filter>
    </ClInclude>
    <ClInclude Include="ForLoop.h">
      <Filter>Header\CppExamples</Filter>
    </ClInclude>
    <ClInclude Include="SmartPointers.h">
      <Filter>Header\CppExamples</Filter>
    </ClInclude>
    <ClInclude Include="LinearInheritance.h">
      <Filter>Header\CppExamples</Filter>
    </ClInclude>
    <ClInclude Include="MultipleInheritance.h">
      <Filter>Header\CppExamples</Filter>
    </ClInclude>
    <ClInclude Include="DiamondInheritance.h">
      <Filter>Header\CppExamples</Filter>
    </ClInclude>
    <ClInclude Include="ObjectSlicing.h">
      <Filter>Header\CppExamples</Filter>
    </ClInclude>
    <ClInclude Include="DynamicCasting.h">
      <Filter>Header\CppExamples</Filter>
    </ClInclude>
    <ClInclude Include="VectorsArrays.h">
      <Filter>Header\CppExamples</Filter>
    </ClInclude>
    <ClInclude Include="FunctionObject.h">
      <Filter>Header\CppExamples</Filter>
    </ClInclude>
    <ClInclude Include="StandardAlgorithms.h">
      <Filter>Header\CppExamples</Filter>
    </ClInclude>
    <ClInclude Include="SortingAlgorithms.h">
      <Filter>Header\CppExamples</Filter>
    </ClInclude>
    <ClInclude Include="DataStructure.h">
      <Filter>Header\CppExamples</Filter>
    </ClInclude>
    <ClInclude Include="StandardDataStructure.h">
      <Filter>Header\CppExamples</Filter>
    </ClInclude>
    <ClInclude Include="RandomInCpp11.h">
      <Filter>Header\CppExamples</Filter>
    </ClInclude>
    <ClInclude Include="TimeChecker.h">
      <Filter>Header\Helpers</Filter>
    </ClInclude>
    <ClInclude Include="ExampleHelperClass.h">
      <Filter>Header\Helpers</Filter>
    </ClInclude>
    <ClInclude Include="ObjectConstructorList.h">
      <Filter>Header\CppExamples</Filter>
    </ClInclude>
  </ItemGroup>
</Project>